
Microsoft Visual Studio Solution File, Format Version 12.00
# Visual Studio Version 16
VisualStudioVersion = 16.0.34407.143
MinimumVisualStudioVersion = 10.0.40219.1
Project("{FAE04EC0-301F-11D3-BF4B-00C04F79EFBC}") = "PomodoroApp", "PomodoroApp\PomodoroApp.csproj", "{86E00C16-2BFD-4ABC-98A4-88E3E9749467}"
EndProject
Global
	GlobalSection(SolutionConfigurationPlatforms) = preSolution
		Debug|Any CPU = Debug|Any CPU
		Release|Any CPU = Release|Any CPU
	EndGlobalSection
	GlobalSection(ProjectConfigurationPlatforms) = postSolution
		{86E00C16-2BFD-4ABC-98A4-88E3E9749467}.Debug|Any CPU.ActiveCfg = Debug|Any CPU
		{86E00C16-2BFD-4ABC-98A4-88E3E9749467}.Debug|Any CPU.Build.0 = Debug|Any CPU
		{86E00C16-2BFD-4ABC-98A4-88E3E9749467}.Release|Any CPU.ActiveCfg = Release|Any CPU
		{86E00C16-2BFD-4ABC-98A4-88E3E9749467}.Release|Any CPU.Build.0 = Release|Any CPU
	EndGlobalSection
	GlobalSection(SolutionProperties) = preSolution
		HideSolutionNode = FALSE
	EndGlobalSection
	GlobalSection(ExtensibilityGlobals) = postSolution
		SolutionGuid = {9102A042-BAA8-41AA-983F-AC99253D945A}
	EndGlobalSection
EndGlobal
